
Microsoft Visual Studio Solution File, Format Version 11.00
# Visual Studio 2010
Project("{FAE04EC0-301F-11D3-BF4B-00C04F79EFBC}") = "SaveMyMovie", "SaveMyMovie\SaveMyMovie.csproj", "{50E4944C-B0AC-4DF0-B2E3-8BD78BB1C615}"
EndProject
Global
	GlobalSection(SolutionConfigurationPlatforms) = preSolution
		Debug|Any CPU = Debug|Any CPU
		Release|Any CPU = Release|Any CPU
	EndGlobalSection
	GlobalSection(ProjectConfigurationPlatforms) = postSolution
		{50E4944C-B0AC-4DF0-B2E3-8BD78BB1C615}.Debug|Any CPU.ActiveCfg = Debug|Any CPU
		{50E4944C-B0AC-4DF0-B2E3-8BD78BB1C615}.Debug|Any CPU.Build.0 = Debug|Any CPU
		{50E4944C-B0AC-4DF0-B2E3-8BD78BB1C615}.Debug|Any CPU.Deploy.0 = Debug|Any CPU
		{50E4944C-B0AC-4DF0-B2E3-8BD78BB1C615}.Release|Any CPU.ActiveCfg = Release|Any CPU
		{50E4944C-B0AC-4DF0-B2E3-8BD78BB1C615}.Release|Any CPU.Build.0 = Release|Any CPU
		{50E4944C-B0AC-4DF0-B2E3-8BD78BB1C615}.Release|Any CPU.Deploy.0 = Release|Any CPU
	EndGlobalSection
	GlobalSection(SolutionProperties) = preSolution
		HideSolutionNode = FALSE
	EndGlobalSection
EndGlobal
